
Microsoft Visual Studio Solution File, Format Version 12.00
# Visual Studio Version 17
VisualStudioVersion = 17.4.32916.344
MinimumVisualStudioVersion = 10.0.40219.1
Project("{FAE04EC0-301F-11D3-BF4B-00C04F79EFBC}") = "WebApplication1", "WebApplication1\WebApplication1.csproj", "{02D03906-0956-4A38-AA3E-80C509588DD1}"
EndProject
Global
	GlobalSection(SolutionConfigurationPlatforms) = preSolution
		Debug|Any CPU = Debug|Any CPU
		Release|Any CPU = Release|Any CPU
	EndGlobalSection
	GlobalSection(ProjectConfigurationPlatforms) = postSolution
		{02D03906-0956-4A38-AA3E-80C509588DD1}.Debug|Any CPU.ActiveCfg = Debug|Any CPU
		{02D03906-0956-4A38-AA3E-80C509588DD1}.Debug|Any CPU.Build.0 = Debug|Any CPU
		{02D03906-0956-4A38-AA3E-80C509588DD1}.Release|Any CPU.ActiveCfg = Release|Any CPU
		{02D03906-0956-4A38-AA3E-80C509588DD1}.Release|Any CPU.Build.0 = Release|Any CPU
	EndGlobalSection
	GlobalSection(SolutionProperties) = preSolution
		HideSolutionNode = FALSE
	EndGlobalSection
	GlobalSection(ExtensibilityGlobals) = postSolution
		SolutionGuid = {CD108BF1-AE4D-4515-9DFF-BFD0B3670236}
	EndGlobalSection
EndGlobal
